
Microsoft Visual Studio Solution File, Format Version 12.00
# Visual Studio Version 17
VisualStudioVersion = 17.0.31903.59
MinimumVisualStudioVersion = 10.0.40219.1
Project("{FAE04EC0-301F-11D3-BF4B-00C04F79EFBC}") = "Fina.Api", "Fina.Api\Fina.Api.csproj", "{417C4070-8DA5-4640-870B-A1EFE1BAD71D}"
EndProject
Project("{FAE04EC0-301F-11D3-BF4B-00C04F79EFBC}") = "Fina.Core", "Fina.Core\Fina.Core.csproj", "{0A8FF269-2DD3-42FD-9A42-5E6E6ED20B8A}"
EndProject
Project("{FAE04EC0-301F-11D3-BF4B-00C04F79EFBC}") = "Fina.Web", "Fina.Web\Fina.Web.csproj", "{EC33DCB7-0ECA-4E21-9162-2B3959C360AF}"
EndProject
Global
	GlobalSection(SolutionConfigurationPlatforms) = preSolution
		Debug|Any CPU = Debug|Any CPU
		Release|Any CPU = Release|Any CPU
	EndGlobalSection
	GlobalSection(SolutionProperties) = preSolution
		HideSolutionNode = FALSE
	EndGlobalSection
	GlobalSection(ProjectConfigurationPlatforms) = postSolution
		{417C4070-8DA5-4640-870B-A1EFE1BAD71D}.Debug|Any CPU.ActiveCfg = Debug|Any CPU
		{417C4070-8DA5-4640-870B-A1EFE1BAD71D}.Debug|Any CPU.Build.0 = Debug|Any CPU
		{417C4070-8DA5-4640-870B-A1EFE1BAD71D}.Release|Any CPU.ActiveCfg = Release|Any CPU
		{417C4070-8DA5-4640-870B-A1EFE1BAD71D}.Release|Any CPU.Build.0 = Release|Any CPU
		{0A8FF269-2DD3-42FD-9A42-5E6E6ED20B8A}.Debug|Any CPU.ActiveCfg = Debug|Any CPU
		{0A8FF269-2DD3-42FD-9A42-5E6E6ED20B8A}.Debug|Any CPU.Build.0 = Debug|Any CPU
		{0A8FF269-2DD3-42FD-9A42-5E6E6ED20B8A}.Release|Any CPU.ActiveCfg = Release|Any CPU
		{0A8FF269-2DD3-42FD-9A42-5E6E6ED20B8A}.Release|Any CPU.Build.0 = Release|Any CPU
		{EC33DCB7-0ECA-4E21-9162-2B3959C360AF}.Debug|Any CPU.ActiveCfg = Debug|Any CPU
		{EC33DCB7-0ECA-4E21-9162-2B3959C360AF}.Debug|Any CPU.Build.0 = Debug|Any CPU
		{EC33DCB7-0ECA-4E21-9162-2B3959C360AF}.Release|Any CPU.ActiveCfg = Release|Any CPU
		{EC33DCB7-0ECA-4E21-9162-2B3959C360AF}.Release|Any CPU.Build.0 = Release|Any CPU
	EndGlobalSection
EndGlobal
